
Microsoft Visual Studio Solution File, Format Version 12.00
# Visual Studio Version 17
VisualStudioVersion = 17.10.35013.160
MinimumVisualStudioVersion = 10.0.40219.1
Project("{FAE04EC0-301F-11D3-BF4B-00C04F79EFBC}") = "ConsoleApp3", "ConsoleApp3\ConsoleApp3.csproj", "{BEE90562-665C-4160-9AAD-E28E41948A8B}"
EndProject
Global
	GlobalSection(SolutionConfigurationPlatforms) = preSolution
		Debug|Any CPU = Debug|Any CPU
		Release|Any CPU = Release|Any CPU
	EndGlobalSection
	GlobalSection(ProjectConfigurationPlatforms) = postSolution
		{BEE90562-665C-4160-9AAD-E28E41948A8B}.Debug|Any CPU.ActiveCfg = Debug|Any CPU
		{BEE90562-665C-4160-9AAD-E28E41948A8B}.Debug|Any CPU.Build.0 = Debug|Any CPU
		{BEE90562-665C-4160-9AAD-E28E41948A8B}.Release|Any CPU.ActiveCfg = Release|Any CPU
		{BEE90562-665C-4160-9AAD-E28E41948A8B}.Release|Any CPU.Build.0 = Release|Any CPU
	EndGlobalSection
	GlobalSection(SolutionProperties) = preSolution
		HideSolutionNode = FALSE
	EndGlobalSection
	GlobalSection(ExtensibilityGlobals) = postSolution
		SolutionGuid = {2D0F292D-9B4D-4748-8DCB-1F5CB62C598E}
	EndGlobalSection
EndGlobal
